# This file is generated by running "yarn install" inside your project.
# Manual changes might be lost - proceed with caution!

__metadata:
  version: 10
  cacheKey: 10c0

"@beacon-lang/dendrite@workspace:.":
  version: 0.0.0-use.local
  resolution: "@beacon-lang/dendrite@workspace:."
  dependencies:
    zod: "npm:^4.4.3"
  languageName: unknown
  linkType: soft

"zod@npm:^4.4.3":
  version: 4.4.3
  resolution: "zod@npm:4.4.3"
  checksum: 10c0/7ea31b558e88f9faf44f31dd185e2e1cbf51fed3081787fb96cc2534749b50c0acfc6da7f0922a7353ed092dd358c7d50c28ea96c94d04af64191bd33152eca3
  languageName: node
  linkType: hard
